{
  "name": "bun",
  "lockfileVersion": 3,
  "requires": true,
  "packages": {
    "": {
      "name": "bun",
      "dependencies": {
        "starter-package-ts": "../../"
      },
      "devDependencies": {
        "@types/bun": "latest"
      }
    },
    "../..": {
      "version": "2.0.0",
      "hasInstallScript": true,
      "license": "MIT",
      "dependencies": {
        "@romainprignon/std": "^4.1.0",
        "@sindresorhus/is": "^6.1.0",
        "awilix": "^10.0.1",
        "date-fns": "^3.3.1",
        "debug": "^4.3.4",
        "effector": "^23.2.0",
        "immer": "^10.0.3",
        "ix": "^5.0.0",
        "ramda": "^0.29.1",
        "ts-pattern": "^5.0.6",
        "type-fest": "^4.10.1",
        "zod": "^3.23.8"
      },
      "devDependencies": {
        "@total-typescript/shoehorn": "^0.1.2",
        "@types/debug": "^4.1.12",
        "@types/node": "^20.11.9",
        "@types/ramda": "^0.29.11",
        "@typescript-eslint/eslint-plugin": "^6.19.1",
        "@typescript-eslint/parser": "^6.19.1",
        "@vitest/coverage-v8": "^1.2.2",
        "eslint": "^8.56.0",
        "eslint-config-standard": "^17.1.0",
        "eslint-plugin-functional": "^6.0.0",
        "eslint-plugin-import": "^2.29.1",
        "eslint-plugin-node": "^11.1.0",
        "eslint-plugin-promise": "^6.1.1",
        "eslint-plugin-vitest": "^0.3.20",
        "gitmoji-changelog": "^2.3.0",
        "gitmoji-cli": "^9.0.0",
        "husky": "^9.0.6",
        "typescript": "^5.3.3",
        "vitest": "^1.2.2"
      },
      "engines": {
        "node": "20.x",
        "pnpm": "8.x"
      }
    },
    "node_modules/@types/bun": {
      "version": "1.0.12",
      "resolved": "https://registry.npmjs.org/@types/bun/-/bun-1.0.12.tgz",
      "integrity": "sha512-qPb5FcygbpSS1NDBjWyQCWeI9kKXwSYSR1Enu7yb+gMXgFwGMhlyOvgV/7FGrdvAjlSXWRY6IDepos7k8WzAtQ==",
      "dev": true,
      "dependencies": {
        "bun-types": "1.0.36"
      }
    },
    "node_modules/@types/node": {
      "version": "20.12.2",
      "dev": true,
      "license": "MIT",
      "dependencies": {
        "undici-types": "~5.26.4"
      }
    },
    "node_modules/@types/ws": {
      "version": "8.5.10",
      "dev": true,
      "license": "MIT",
      "dependencies": {
        "@types/node": "*"
      }
    },
    "node_modules/bun-types": {
      "version": "1.0.36",
      "dev": true,
      "license": "MIT",
      "dependencies": {
        "@types/node": "~20.11.3",
        "@types/ws": "~8.5.10"
      }
    },
    "node_modules/bun-types/node_modules/@types/node": {
      "version": "20.11.30",
      "dev": true,
      "license": "MIT",
      "dependencies": {
        "undici-types": "~5.26.4"
      }
    },
    "node_modules/starter-package-ts": {
      "resolved": "../..",
      "link": true
    },
    "node_modules/undici-types": {
      "version": "5.26.5",
      "dev": true,
      "license": "MIT"
    }
  }
}
