{
  "version": "3",
  "packages": {
    "specifiers": {
      "npm:@romainprignon/std@3.1.3": "npm:@romainprignon/std@3.1.3",
      "npm:@sindresorhus/is@^6.1.0": "npm:@sindresorhus/is@6.2.0",
      "npm:date-fns@^3.3.1": "npm:date-fns@3.6.0",
      "npm:effector@^23.2.0": "npm:effector@23.2.0",
      "npm:ramda@^0.29.1": "npm:ramda@0.29.1",
      "npm:remeda@^1.47.0": "npm:remeda@1.56.0",
      "npm:starter-package-ts": "npm:starter-package-ts@1.10.1",
      "npm:ts-pattern@^5.0.6": "npm:ts-pattern@5.0.8",
      "npm:zod@^3.23.8": "npm:zod@3.23.8"
    },
    "npm": {
      "@romainprignon/std@3.1.3": {
        "integrity": "sha512-6bWOHelxrNCek2IGzcjemfhYeN4md5VHlPYAQ8JAgJMXE4yJXCVk0lXepZ7/0g27qN31Ljm19RK1EOQzy7n78Q==",
        "dependencies": {
          "@sindresorhus/is": "@sindresorhus/is@4.6.0",
          "ix": "ix@4.6.1",
          "lodash": "lodash@4.17.21",
          "make-error-cause": "make-error-cause@2.3.0",
          "type-fest": "type-fest@1.4.0",
          "zod": "zod@3.22.4"
        }
      },
      "@sindresorhus/is@2.1.1": {
        "integrity": "sha512-/aPsuoj/1Dw/kzhkgz+ES6TxG0zfTMGLwuK2ZG00k/iJzYHTLCE8mVU8EPqEOp/lmxPoq1C1C9RYToRKb2KEfg==",
        "dependencies": {}
      },
      "@sindresorhus/is@4.6.0": {
        "integrity": "sha512-t09vSN3MdfsyCHoFcTRCH/iUtG7OJ0CsjzB8cjAmKc/va/kIgeDI/TxsigdncE/4be734m0cvIYwNaV4i2XqAw==",
        "dependencies": {}
      },
      "@sindresorhus/is@6.2.0": {
        "integrity": "sha512-yM/IGPkVnYGblhDosFBwq0ZGdnVSBkNV4onUtipGMOjZd4kB6GAu3ys91aftSbyMHh6A2GPdt+KDI5NoWP63MQ==",
        "dependencies": {}
      },
      "@types/node@13.13.52": {
        "integrity": "sha512-s3nugnZumCC//n4moGGe6tkNMyYEdaDBitVjwPxXmR5lnMG5dHePinH2EdxkG3Rh1ghFHHixAG4NJhpJW1rthQ==",
        "dependencies": {}
      },
      "date-fns@3.6.0": {
        "integrity": "sha512-fRHTG8g/Gif+kSh50gaGEdToemgfj74aRX3swtiouboip5JDLAyDE9F11nHMIcvOaXeOC6D7SpNhi7uFyB7Uww==",
        "dependencies": {}
      },
      "effector@23.2.0": {
        "integrity": "sha512-TqR/e5BSfAk4ZkHOykmqPmT9Nn4fLE/BhuBiVmy2cb7Vp6in8N+xMDFhWWZAgOdQjehgt/dIVQyXuWpXh3EoZA==",
        "dependencies": {}
      },
      "highland@2.13.5": {
        "integrity": "sha512-dn2flPapIIAa4BtkB2ahjshg8iSJtrJtdhEb9/oiOrS5HMQTR/GuhFpqJ+11YBdtnl3AwWKvbZd1Uxr8uAmA7A==",
        "dependencies": {
          "util-deprecate": "util-deprecate@1.0.2"
        }
      },
      "immer@5.3.6": {
        "integrity": "sha512-pqWQ6ozVfNOUDjrLfm4Pt7q4Q12cGw2HUZgry4Q5+Myxu9nmHRkWBpI0J4+MK0AxbdFtdMTwEGVl7Vd+vEiK+A==",
        "dependencies": {}
      },
      "ix@4.6.1": {
        "integrity": "sha512-W4aSy2cJxEgPgtr7aNOPNp/gobmWxoNUrMqH4Wowc80FFX71kqtnGMsJnIPiVN9c5tlVbOUNzjhhKcuYxsL1qQ==",
        "dependencies": {
          "@types/node": "@types/node@13.13.52",
          "tslib": "tslib@2.6.2"
        }
      },
      "lodash@4.17.21": {
        "integrity": "sha512-v2kDEe57lecTulaDIuNTPy3Ry4gLGJ6Z1O3vE1krgXZNrsQ+LFTGHVxVjcXPs17LhbZVGedAJv8XZ1tvj5FvSg==",
        "dependencies": {}
      },
      "make-error-cause@2.3.0": {
        "integrity": "sha512-etgt+n4LlOkGSJbBTV9VROHA5R7ekIPS4vfh+bCAoJgRrJWdqJCBbpS3osRJ/HrT7R68MzMiY3L3sDJ/Fd8aBg==",
        "dependencies": {
          "make-error": "make-error@1.3.6"
        }
      },
      "make-error@1.3.6": {
        "integrity": "sha512-s8UhlNe7vPKomQhC1qFelMokr/Sc3AgNbso3n74mVPA5LTZwkB9NlXf4XPamLxJE8h0gh73rM94xvwRT2CVInw==",
        "dependencies": {}
      },
      "moment@2.30.1": {
        "integrity": "sha512-uEmtNhbDOrWPFS+hdjFCBfy9f2YoyzRpwcl+DqpC6taX21FzsTLQVbMV/W7PzNSX6x/bhC1zA3c2UQ5NzH6how==",
        "dependencies": {}
      },
      "ramda@0.29.1": {
        "integrity": "sha512-OfxIeWzd4xdUNxlWhgFazxsA/nl3mS4/jGZI5n00uWOoSSFRhC1b6gl6xvmzUamgmqELraWp0J/qqVlXYPDPyA==",
        "dependencies": {}
      },
      "remeda@1.56.0": {
        "integrity": "sha512-ZGebbddlHYNIc4P6o6B/LRiUIZyuFvO9/aKxKpzzFjJxb9maUmYk5E72VpvAooh5uFw0rSbfygIV3rc49NW2xg==",
        "dependencies": {}
      },
      "runtypes@4.3.0": {
        "integrity": "sha512-LXPlqYo6o72vpJcLrmcf9TMlGUxIYwM6cK0xwZU+ILdytXL+eMdFfHRl3me3Ylowuu9X3uCepDN9inmQrIeFHA==",
        "dependencies": {}
      },
      "starter-package-ts@1.10.1": {
        "integrity": "sha512-ki2U0af5w67kxemnv0POSgyN1s13kvr7mJVfStTLehbR/P0BsZnyM1OAg8VSobMzwBJUFoOsYbiv/OkUa/t4Yg==",
        "dependencies": {
          "@sindresorhus/is": "@sindresorhus/is@2.1.1",
          "highland": "highland@2.13.5",
          "immer": "immer@5.3.6",
          "make-error-cause": "make-error-cause@2.3.0",
          "moment": "moment@2.30.1",
          "runtypes": "runtypes@4.3.0"
        }
      },
      "ts-pattern@5.0.8": {
        "integrity": "sha512-aafbuAQOTEeWmA7wtcL94w6I89EgLD7F+IlWkr596wYxeb0oveWDO5dQpv85YP0CGbxXT/qXBIeV6IYLcoZ2uA==",
        "dependencies": {}
      },
      "tslib@2.6.2": {
        "integrity": "sha512-AEYxH93jGFPn/a2iVAwW87VuUIkR1FVUKB77NwMF7nBTDkDrrT/Hpt/IrCJ0QXhW27jTBDcf5ZY7w6RiqTMw2Q==",
        "dependencies": {}
      },
      "type-fest@1.4.0": {
        "integrity": "sha512-yGSza74xk0UG8k+pLh5oeoYirvIiWo5t0/o3zHHAO2tRDiZcxWP7fywNlXhqb6/r6sWvwi+RsyQMWhVLe4BVuA==",
        "dependencies": {}
      },
      "util-deprecate@1.0.2": {
        "integrity": "sha512-EPD5q1uXyFxJpCrLnCc1nHnq3gOa6DZBocAIiI2TaSCA7VCJ1UJDMagCzIkXNsUYfD1daK//LTEQ8xiIbrHtcw==",
        "dependencies": {}
      },
      "zod@3.22.4": {
        "integrity": "sha512-iC+8Io04lddc+mVqQ9AZ7OQ2MrUKGN+oIQyq1vemgt46jwCwLfhq7/pwnBnNXXXZb8VTVLKwp9EDkx+ryxIWmg==",
        "dependencies": {}
      },
      "zod@3.23.8": {
        "integrity": "sha512-XBx9AXhXktjUqnepgTiE5flcKIYWi/rme0Eaj+5Y0lftuGBq+jyRu/md4WnuxqgP1ubdpNCsYEYPxrzVHD8d6g==",
        "dependencies": {}
      }
    }
  },
  "remote": {},
  "workspace": {
    "dependencies": [
      "npm:@romainprignon/std@3.1.3",
      "npm:@sindresorhus/is@^6.1.0",
      "npm:awilix@^10.0.1",
      "npm:date-fns@^3.3.1",
      "npm:debug@^4.3.4",
      "npm:effector@^23.2.0",
      "npm:immer@^10.0.3",
      "npm:ix@^5.0.0",
      "npm:ramda@^0.29.1",
      "npm:remeda@^1.47.0",
      "npm:ts-pattern@^5.0.6",
      "npm:type-fest@^4.10.1",
      "npm:zod@^3.23.8"
    ]
  }
}
